// !$*UTF8*$!
{
	archiveVersion = 1;
	classes = {
	};
	objectVersion = 46;
	objects = {

/* Begin PBXBuildFile section */
		3304083C1F7E59F900BA0F2E /* Easy_100_Same_Tree.swift in Sources */ = {isa = PBXBuildFile; fileRef = 3304083B1F7E59F900BA0F2E /* Easy_100_Same_Tree.swift */; };
		33050F2C1FD4DF1900AEA0D0 /* Medium_024_Swap_Nodes_In_Pairs.swift in Sources */ = {isa = PBXBuildFile; fileRef = 33050F2B1FD4DF1900AEA0D0 /* Medium_024_Swap_Nodes_In_Pairs.swift */; };
		33050F2E1FD4E0EE00AEA0D0 /* Medium_029_Divide_Two_Integers.swift in Sources */ = {isa = PBXBuildFile; fileRef = 33050F2D1FD4E0EE00AEA0D0 /* Medium_029_Divide_Two_Integers.swift */; };
		33050F301FD4E68C00AEA0D0 /* Medium_031_Next_Permutation.swift in Sources */ = {isa = PBXBuildFile; fileRef = 33050F2F1FD4E68C00AEA0D0 /* Medium_031_Next_Permutation.swift */; };
		331571C81F8784AF00AD6533 /* Easy_101_Symmetric_Tree.swift in Sources */ = {isa = PBXBuildFile; fileRef = 331571C71F8784AF00AD6533 /* Easy_101_Symmetric_Tree.swift */; };
		331571CE1F8CE9E100AD6533 /* Medium_002_Add_Two_Numbers.swift in Sources */ = {isa = PBXBuildFile; fileRef = 331571CD1F8CE9E100AD6533 /* Medium_002_Add_Two_Numbers.swift */; };
		331571D01F8DB06700AD6533 /* Medium_003_Longest_SubString_Without_Repeating_Characters.swift in Sources */ = {isa = PBXBuildFile; fileRef = 331571CF1F8DB06700AD6533 /* Medium_003_Longest_SubString_Without_Repeating_Characters.swift */; };
		331571D21F8DBE4800AD6533 /* Medium_005_Longest_Palindromic_Substring.swift in Sources */ = {isa = PBXBuildFile; fileRef = 331571D11F8DBE4800AD6533 /* Medium_005_Longest_Palindromic_Substring.swift */; };
		331CEAC31FD9412100BB176A /* Medium_034_Search_For_A_Range.swift in Sources */ = {isa = PBXBuildFile; fileRef = 331CEAC21FD9412100BB176A /* Medium_034_Search_For_A_Range.swift */; };
		331CEAC51FD9423200BB176A /* Medium_035_Search_Insert_Position.swift in Sources */ = {isa = PBXBuildFile; fileRef = 331CEAC41FD9423200BB176A /* Medium_035_Search_Insert_Position.swift */; };
		332B55BD1F789C1C00EAD72B /* Easy_067_Add_Binary.swift in Sources */ = {isa = PBXBuildFile; fileRef = 332B55BC1F789C1C00EAD72B /* Easy_067_Add_Binary.swift */; };
		332B55BF1F78B57D00EAD72B /* Easy_070_Climbing_Stairs.swift in Sources */ = {isa = PBXBuildFile; fileRef = 332B55BE1F78B57D00EAD72B /* Easy_070_Climbing_Stairs.swift */; };
		3333388E1FEEAADC0074B398 /* Medium_039_Combination_Sum.swift in Sources */ = {isa = PBXBuildFile; fileRef = 3333388D1FEEAADC0074B398 /* Medium_039_Combination_Sum.swift */; };
		3347EC581FA6F959005457F8 /* Sorting Algorithm.swift in Sources */ = {isa = PBXBuildFile; fileRef = 3347EC571FA6F959005457F8 /* Sorting Algorithm.swift */; };
		33548C8B1F9ECC6300C0279F /* Medium_011_Container_With_Most_Water.swift in Sources */ = {isa = PBXBuildFile; fileRef = 33548C8A1F9ECC6300C0279F /* Medium_011_Container_With_Most_Water.swift */; };
		33548C8D1F9ED0DA00C0279F /* Medium_012_Integer_To_Roman.swift in Sources */ = {isa = PBXBuildFile; fileRef = 33548C8C1F9ED0DA00C0279F /* Medium_012_Integer_To_Roman.swift */; };
		33548C8F1F9EDB9200C0279F /* Medium_015_3Sum.swift in Sources */ = {isa = PBXBuildFile; fileRef = 33548C8E1F9EDB9200C0279F /* Medium_015_3Sum.swift */; };
		33548C911F9EE2E800C0279F /* Medium_016_3Sum_Closest.swift in Sources */ = {isa = PBXBuildFile; fileRef = 33548C901F9EE2E800C0279F /* Medium_016_3Sum_Closest.swift */; };
		33548C931F9EE7DA00C0279F /* Medium_017_Letter_Combinations_Of_A_Phone_Number.swift in Sources */ = {isa = PBXBuildFile; fileRef = 33548C921F9EE7DA00C0279F /* Medium_017_Letter_Combinations_Of_A_Phone_Number.swift */; };
		33548C951F9EE98700C0279F /* Medium_018_4Sum.swift in Sources */ = {isa = PBXBuildFile; fileRef = 33548C941F9EE98700C0279F /* Medium_018_4Sum.swift */; };
		3362D8D91FD2F10400DDB437 /* Medium_022_Generate_Parentheses.swift in Sources */ = {isa = PBXBuildFile; fileRef = 3362D8D81FD2F10400DDB437 /* Medium_022_Generate_Parentheses.swift */; };
		3369B29F1F71F8F100B0B35A /* Easy_038_Count_And_Say.swift in Sources */ = {isa = PBXBuildFile; fileRef = 3369B29E1F71F8F100B0B35A /* Easy_038_Count_And_Say.swift */; };
		3369B2A11F73490C00B0B35A /* Easy_058_Length_Of_Last_Word.swift in Sources */ = {isa = PBXBuildFile; fileRef = 3369B2A01F73490C00B0B35A /* Easy_058_Length_Of_Last_Word.swift */; };
		3369B2E81F7611B400B0B35A /* Easy_066_Plus_One.swift in Sources */ = {isa = PBXBuildFile; fileRef = 3369B2E71F7611B400B0B35A /* Easy_066_Plus_One.swift */; };
		33784C091EEB9824003EB342 /* leetcode.swift in Sources */ = {isa = PBXBuildFile; fileRef = 33784C081EEB9824003EB342 /* leetcode.swift */; };
		33A055BB1F7B321C00BAFE1B /* Easy_083_Remove_Duplicates_From_Sorted_List.swift in Sources */ = {isa = PBXBuildFile; fileRef = 33A055BA1F7B321C00BAFE1B /* Easy_083_Remove_Duplicates_From_Sorted_List.swift */; };
		33A055BD1F7B42F100BAFE1B /* Easy_088_Merge_Sorted_Array.swift in Sources */ = {isa = PBXBuildFile; fileRef = 33A055BC1F7B42F100BAFE1B /* Easy_088_Merge_Sorted_Array.swift */; };
		33C98E911F6D39EE007DAC2C /* Easy_027_Remove_Element.swift in Sources */ = {isa = PBXBuildFile; fileRef = 33C98E901F6D39EE007DAC2C /* Easy_027_Remove_Element.swift */; };
		33C98E941F6D3F23007DAC2C /* Medium_001_Two_Sum.swift in Sources */ = {isa = PBXBuildFile; fileRef = 33C98E931F6D3F23007DAC2C /* Medium_001_Two_Sum.swift */; };
		33C9DC1B1F68CC27005FF94D /* Easy_020_Valid_Parenthess.swift in Sources */ = {isa = PBXBuildFile; fileRef = 33C9DC1A1F68CC27005FF94D /* Easy_020_Valid_Parenthess.swift */; };
		33C9DC341F6AADB7005FF94D /* Easy_021_Merge_Two_Sorted_Lists.swift in Sources */ = {isa = PBXBuildFile; fileRef = 33C9DC331F6AADB7005FF94D /* Easy_021_Merge_Two_Sorted_Lists.swift */; };
		33C9DC361F6B60AA005FF94D /* Easy_026_Remove_Duplicates_From_Sorted_Array.swift in Sources */ = {isa = PBXBuildFile; fileRef = 33C9DC351F6B60AA005FF94D /* Easy_026_Remove_Duplicates_From_Sorted_Array.swift */; };
		33D50CAD1EB874D500AF51B4 /* main.swift in Sources */ = {isa = PBXBuildFile; fileRef = 33D50CAC1EB874D500AF51B4 /* main.swift */; };
		33E3742A1F6F62A6003FC96A /* Easy_028_Implement_Str.swift in Sources */ = {isa = PBXBuildFile; fileRef = 33E374291F6F62A6003FC96A /* Easy_028_Implement_Str.swift */; };
		33E3742E1F7131B3003FC96A /* Easy_036_Valid_Sudoku.swift in Sources */ = {isa = PBXBuildFile; fileRef = 33E3742D1F7131B3003FC96A /* Easy_036_Valid_Sudoku.swift */; };
/* End PBXBuildFile section */

/* Begin PBXCopyFilesBuildPhase section */
		33D50CA71EB874D500AF51B4 /* CopyFiles */ = {
			isa = PBXCopyFilesBuildPhase;
			buildActionMask = 2147483647;
			dstPath = /usr/share/man/man1/;
			dstSubfolderSpec = 0;
			files = (
			);
			runOnlyForDeploymentPostprocessing = 1;
		};
/* End PBXCopyFilesBuildPhase section */

/* Begin PBXFileReference section */
		3304083B1F7E59F900BA0F2E /* Easy_100_Same_Tree.swift */ = {isa = PBXFileReference; fileEncoding = 4; lastKnownFileType = sourcecode.swift; path = Easy_100_Same_Tree.swift; sourceTree = "<group>"; };
		33050F2B1FD4DF1900AEA0D0 /* Medium_024_Swap_Nodes_In_Pairs.swift */ = {isa = PBXFileReference; fileEncoding = 4; lastKnownFileType = sourcecode.swift; path = Medium_024_Swap_Nodes_In_Pairs.swift; sourceTree = "<group>"; };
		33050F2D1FD4E0EE00AEA0D0 /* Medium_029_Divide_Two_Integers.swift */ = {isa = PBXFileReference; fileEncoding = 4; lastKnownFileType = sourcecode.swift; path = Medium_029_Divide_Two_Integers.swift; sourceTree = "<group>"; };
		33050F2F1FD4E68C00AEA0D0 /* Medium_031_Next_Permutation.swift */ = {isa = PBXFileReference; fileEncoding = 4; lastKnownFileType = sourcecode.swift; path = Medium_031_Next_Permutation.swift; sourceTree = "<group>"; };
		331571C71F8784AF00AD6533 /* Easy_101_Symmetric_Tree.swift */ = {isa = PBXFileReference; fileEncoding = 4; lastKnownFileType = sourcecode.swift; path = Easy_101_Symmetric_Tree.swift; sourceTree = "<group>"; };
		331571CD1F8CE9E100AD6533 /* Medium_002_Add_Two_Numbers.swift */ = {isa = PBXFileReference; fileEncoding = 4; lastKnownFileType = sourcecode.swift; path = Medium_002_Add_Two_Numbers.swift; sourceTree = "<group>"; };
		331571CF1F8DB06700AD6533 /* Medium_003_Longest_SubString_Without_Repeating_Characters.swift */ = {isa = PBXFileReference; fileEncoding = 4; lastKnownFileType = sourcecode.swift; path = Medium_003_Longest_SubString_Without_Repeating_Characters.swift; sourceTree = "<group>"; };
		331571D11F8DBE4800AD6533 /* Medium_005_Longest_Palindromic_Substring.swift */ = {isa = PBXFileReference; fileEncoding = 4; lastKnownFileType = sourcecode.swift; path = Medium_005_Longest_Palindromic_Substring.swift; sourceTree = "<group>"; };
		331CEAC21FD9412100BB176A /* Medium_034_Search_For_A_Range.swift */ = {isa = PBXFileReference; fileEncoding = 4; lastKnownFileType = sourcecode.swift; path = Medium_034_Search_For_A_Range.swift; sourceTree = "<group>"; };
		331CEAC41FD9423200BB176A /* Medium_035_Search_Insert_Position.swift */ = {isa = PBXFileReference; fileEncoding = 4; lastKnownFileType = sourcecode.swift; path = Medium_035_Search_Insert_Position.swift; sourceTree = "<group>"; };
		332B55BC1F789C1C00EAD72B /* Easy_067_Add_Binary.swift */ = {isa = PBXFileReference; fileEncoding = 4; lastKnownFileType = sourcecode.swift; path = Easy_067_Add_Binary.swift; sourceTree = "<group>"; };
		332B55BE1F78B57D00EAD72B /* Easy_070_Climbing_Stairs.swift */ = {isa = PBXFileReference; fileEncoding = 4; lastKnownFileType = sourcecode.swift; path = Easy_070_Climbing_Stairs.swift; sourceTree = "<group>"; };
		3333388D1FEEAADC0074B398 /* Medium_039_Combination_Sum.swift */ = {isa = PBXFileReference; fileEncoding = 4; lastKnownFileType = sourcecode.swift; path = Medium_039_Combination_Sum.swift; sourceTree = "<group>"; };
		3347EC571FA6F959005457F8 /* Sorting Algorithm.swift */ = {isa = PBXFileReference; fileEncoding = 4; lastKnownFileType = sourcecode.swift; path = "Sorting Algorithm.swift"; sourceTree = "<group>"; };
		33548C8A1F9ECC6300C0279F /* Medium_011_Container_With_Most_Water.swift */ = {isa = PBXFileReference; fileEncoding = 4; lastKnownFileType = sourcecode.swift; path = Medium_011_Container_With_Most_Water.swift; sourceTree = "<group>"; };
		33548C8C1F9ED0DA00C0279F /* Medium_012_Integer_To_Roman.swift */ = {isa = PBXFileReference; fileEncoding = 4; lastKnownFileType = sourcecode.swift; path = Medium_012_Integer_To_Roman.swift; sourceTree = "<group>"; };
		33548C8E1F9EDB9200C0279F /* Medium_015_3Sum.swift */ = {isa = PBXFileReference; fileEncoding = 4; lastKnownFileType = sourcecode.swift; path = Medium_015_3Sum.swift; sourceTree = "<group>"; };
		33548C901F9EE2E800C0279F /* Medium_016_3Sum_Closest.swift */ = {isa = PBXFileReference; fileEncoding = 4; lastKnownFileType = sourcecode.swift; path = Medium_016_3Sum_Closest.swift; sourceTree = "<group>"; };
		33548C921F9EE7DA00C0279F /* Medium_017_Letter_Combinations_Of_A_Phone_Number.swift */ = {isa = PBXFileReference; fileEncoding = 4; lastKnownFileType = sourcecode.swift; path = Medium_017_Letter_Combinations_Of_A_Phone_Number.swift; sourceTree = "<group>"; };
		33548C941F9EE98700C0279F /* Medium_018_4Sum.swift */ = {isa = PBXFileReference; fileEncoding = 4; lastKnownFileType = sourcecode.swift; path = Medium_018_4Sum.swift; sourceTree = "<group>"; };
		3362D8D81FD2F10400DDB437 /* Medium_022_Generate_Parentheses.swift */ = {isa = PBXFileReference; fileEncoding = 4; lastKnownFileType = sourcecode.swift; path = Medium_022_Generate_Parentheses.swift; sourceTree = "<group>"; };
		3369B29E1F71F8F100B0B35A /* Easy_038_Count_And_Say.swift */ = {isa = PBXFileReference; fileEncoding = 4; lastKnownFileType = sourcecode.swift; path = Easy_038_Count_And_Say.swift; sourceTree = "<group>"; };
		3369B2A01F73490C00B0B35A /* Easy_058_Length_Of_Last_Word.swift */ = {isa = PBXFileReference; fileEncoding = 4; lastKnownFileType = sourcecode.swift; path = Easy_058_Length_Of_Last_Word.swift; sourceTree = "<group>"; };
		3369B2E71F7611B400B0B35A /* Easy_066_Plus_One.swift */ = {isa = PBXFileReference; fileEncoding = 4; lastKnownFileType = sourcecode.swift; path = Easy_066_Plus_One.swift; sourceTree = "<group>"; };
		33784C081EEB9824003EB342 /* leetcode.swift */ = {isa = PBXFileReference; fileEncoding = 4; lastKnownFileType = sourcecode.swift; path = leetcode.swift; sourceTree = "<group>"; };
		33A055BA1F7B321C00BAFE1B /* Easy_083_Remove_Duplicates_From_Sorted_List.swift */ = {isa = PBXFileReference; fileEncoding = 4; lastKnownFileType = sourcecode.swift; path = Easy_083_Remove_Duplicates_From_Sorted_List.swift; sourceTree = "<group>"; };
		33A055BC1F7B42F100BAFE1B /* Easy_088_Merge_Sorted_Array.swift */ = {isa = PBXFileReference; fileEncoding = 4; lastKnownFileType = sourcecode.swift; path = Easy_088_Merge_Sorted_Array.swift; sourceTree = "<group>"; };
		33C98E901F6D39EE007DAC2C /* Easy_027_Remove_Element.swift */ = {isa = PBXFileReference; fileEncoding = 4; lastKnownFileType = sourcecode.swift; path = Easy_027_Remove_Element.swift; sourceTree = "<group>"; };
		33C98E931F6D3F23007DAC2C /* Medium_001_Two_Sum.swift */ = {isa = PBXFileReference; fileEncoding = 4; lastKnownFileType = sourcecode.swift; path = Medium_001_Two_Sum.swift; sourceTree = "<group>"; };
		33C9DC1A1F68CC27005FF94D /* Easy_020_Valid_Parenthess.swift */ = {isa = PBXFileReference; fileEncoding = 4; lastKnownFileType = sourcecode.swift; path = Easy_020_Valid_Parenthess.swift; sourceTree = "<group>"; };
		33C9DC331F6AADB7005FF94D /* Easy_021_Merge_Two_Sorted_Lists.swift */ = {isa = PBXFileReference; fileEncoding = 4; lastKnownFileType = sourcecode.swift; path = Easy_021_Merge_Two_Sorted_Lists.swift; sourceTree = "<group>"; };
		33C9DC351F6B60AA005FF94D /* Easy_026_Remove_Duplicates_From_Sorted_Array.swift */ = {isa = PBXFileReference; fileEncoding = 4; lastKnownFileType = sourcecode.swift; path = Easy_026_Remove_Duplicates_From_Sorted_Array.swift; sourceTree = "<group>"; };
		33D50CA91EB874D500AF51B4 /* algorithms */ = {isa = PBXFileReference; explicitFileType = "compiled.mach-o.executable"; includeInIndex = 0; path = algorithms; sourceTree = BUILT_PRODUCTS_DIR; };
		33D50CAC1EB874D500AF51B4 /* main.swift */ = {isa = PBXFileReference; lastKnownFileType = sourcecode.swift; path = main.swift; sourceTree = "<group>"; };
		33E374291F6F62A6003FC96A /* Easy_028_Implement_Str.swift */ = {isa = PBXFileReference; fileEncoding = 4; lastKnownFileType = sourcecode.swift; path = Easy_028_Implement_Str.swift; sourceTree = "<group>"; };
		33E3742D1F7131B3003FC96A /* Easy_036_Valid_Sudoku.swift */ = {isa = PBXFileReference; fileEncoding = 4; lastKnownFileType = sourcecode.swift; path = Easy_036_Valid_Sudoku.swift; sourceTree = "<group>"; };
/* End PBXFileReference section */

/* Begin PBXFrameworksBuildPhase section */
		33D50CA61EB874D500AF51B4 /* Frameworks */ = {
			isa = PBXFrameworksBuildPhase;
			buildActionMask = 2147483647;
			files = (
			);
			runOnlyForDeploymentPostprocessing = 0;
		};
/* End PBXFrameworksBuildPhase section */

/* Begin PBXGroup section */
		33C98E921F6D3E9E007DAC2C /* Medium */ = {
			isa = PBXGroup;
			children = (
				33C98E931F6D3F23007DAC2C /* Medium_001_Two_Sum.swift */,
				331571CD1F8CE9E100AD6533 /* Medium_002_Add_Two_Numbers.swift */,
				331571CF1F8DB06700AD6533 /* Medium_003_Longest_SubString_Without_Repeating_Characters.swift */,
				331571D11F8DBE4800AD6533 /* Medium_005_Longest_Palindromic_Substring.swift */,
				33548C8A1F9ECC6300C0279F /* Medium_011_Container_With_Most_Water.swift */,
				33548C8C1F9ED0DA00C0279F /* Medium_012_Integer_To_Roman.swift */,
				33548C8E1F9EDB9200C0279F /* Medium_015_3Sum.swift */,
				33548C901F9EE2E800C0279F /* Medium_016_3Sum_Closest.swift */,
				33548C921F9EE7DA00C0279F /* Medium_017_Letter_Combinations_Of_A_Phone_Number.swift */,
				33548C941F9EE98700C0279F /* Medium_018_4Sum.swift */,
				3362D8D81FD2F10400DDB437 /* Medium_022_Generate_Parentheses.swift */,
				33050F2B1FD4DF1900AEA0D0 /* Medium_024_Swap_Nodes_In_Pairs.swift */,
				33050F2D1FD4E0EE00AEA0D0 /* Medium_029_Divide_Two_Integers.swift */,
				33050F2F1FD4E68C00AEA0D0 /* Medium_031_Next_Permutation.swift */,
				331CEAC21FD9412100BB176A /* Medium_034_Search_For_A_Range.swift */,
				331CEAC41FD9423200BB176A /* Medium_035_Search_Insert_Position.swift */,
				3333388D1FEEAADC0074B398 /* Medium_039_Combination_Sum.swift */,
			);
			path = Medium;
			sourceTree = "<group>";
		};
		33D50CA01EB874D500AF51B4 = {
			isa = PBXGroup;
			children = (
				33D50CAB1EB874D500AF51B4 /* algorithms */,
				33D50CAA1EB874D500AF51B4 /* Products */,
			);
			sourceTree = "<group>";
		};
		33D50CAA1EB874D500AF51B4 /* Products */ = {
			isa = PBXGroup;
			children = (
				33D50CA91EB874D500AF51B4 /* algorithms */,
			);
			name = Products;
			sourceTree = "<group>";
		};
		33D50CAB1EB874D500AF51B4 /* algorithms */ = {
			isa = PBXGroup;
			children = (
				33C98E921F6D3E9E007DAC2C /* Medium */,
				33D50CAC1EB874D500AF51B4 /* main.swift */,
				33784C081EEB9824003EB342 /* leetcode.swift */,
				3347EC571FA6F959005457F8 /* Sorting Algorithm.swift */,
				33C9DC1A1F68CC27005FF94D /* Easy_020_Valid_Parenthess.swift */,
				33C9DC331F6AADB7005FF94D /* Easy_021_Merge_Two_Sorted_Lists.swift */,
				33C9DC351F6B60AA005FF94D /* Easy_026_Remove_Duplicates_From_Sorted_Array.swift */,
				33C98E901F6D39EE007DAC2C /* Easy_027_Remove_Element.swift */,
				33E374291F6F62A6003FC96A /* Easy_028_Implement_Str.swift */,
				33E3742D1F7131B3003FC96A /* Easy_036_Valid_Sudoku.swift */,
				3369B29E1F71F8F100B0B35A /* Easy_038_Count_And_Say.swift */,
				3369B2A01F73490C00B0B35A /* Easy_058_Length_Of_Last_Word.swift */,
				3369B2E71F7611B400B0B35A /* Easy_066_Plus_One.swift */,
				332B55BC1F789C1C00EAD72B /* Easy_067_Add_Binary.swift */,
				332B55BE1F78B57D00EAD72B /* Easy_070_Climbing_Stairs.swift */,
				33A055BA1F7B321C00BAFE1B /* Easy_083_Remove_Duplicates_From_Sorted_List.swift */,
				33A055BC1F7B42F100BAFE1B /* Easy_088_Merge_Sorted_Array.swift */,
				3304083B1F7E59F900BA0F2E /* Easy_100_Same_Tree.swift */,
				331571C71F8784AF00AD6533 /* Easy_101_Symmetric_Tree.swift */,
			);
			path = algorithms;
			sourceTree = "<group>";
		};
/* End PBXGroup section */

/* Begin PBXNativeTarget section */
		33D50CA81EB874D500AF51B4 /* algorithms */ = {
			isa = PBXNativeTarget;
			buildConfigurationList = 33D50CB01EB874D500AF51B4 /* Build configuration list for PBXNativeTarget "algorithms" */;
			buildPhases = (
				33D50CA51EB874D500AF51B4 /* Sources */,
				33D50CA61EB874D500AF51B4 /* Frameworks */,
				33D50CA71EB874D500AF51B4 /* CopyFiles */,
			);
			buildRules = (
			);
			dependencies = (
			);
			name = algorithms;
			productName = algorithms;
			productReference = 33D50CA91EB874D500AF51B4 /* algorithms */;
			productType = "com.apple.product-type.tool";
		};
/* End PBXNativeTarget section */

/* Begin PBXProject section */
		33D50CA11EB874D500AF51B4 /* Project object */ = {
			isa = PBXProject;
			attributes = {
				LastSwiftUpdateCheck = 0830;
				LastUpgradeCheck = 0830;
				ORGANIZATIONNAME = XD;
				TargetAttributes = {
					33D50CA81EB874D500AF51B4 = {
						CreatedOnToolsVersion = 8.3.2;
						ProvisioningStyle = Automatic;
					};
				};
			};
			buildConfigurationList = 33D50CA41EB874D500AF51B4 /* Build configuration list for PBXProject "algorithms" */;
			compatibilityVersion = "Xcode 3.2";
			developmentRegion = English;
			hasScannedForEncodings = 0;
			knownRegions = (
				en,
			);
			mainGroup = 33D50CA01EB874D500AF51B4;
			productRefGroup = 33D50CAA1EB874D500AF51B4 /* Products */;
			projectDirPath = "";
			projectRoot = "";
			targets = (
				33D50CA81EB874D500AF51B4 /* algorithms */,
			);
		};
/* End PBXProject section */

/* Begin PBXSourcesBuildPhase section */
		33D50CA51EB874D500AF51B4 /* Sources */ = {
			isa = PBXSourcesBuildPhase;
			buildActionMask = 2147483647;
			files = (
				33050F2E1FD4E0EE00AEA0D0 /* Medium_029_Divide_Two_Integers.swift in Sources */,
				331571C81F8784AF00AD6533 /* Easy_101_Symmetric_Tree.swift in Sources */,
				332B55BF1F78B57D00EAD72B /* Easy_070_Climbing_Stairs.swift in Sources */,
				33C98E941F6D3F23007DAC2C /* Medium_001_Two_Sum.swift in Sources */,
				33784C091EEB9824003EB342 /* leetcode.swift in Sources */,
				33548C931F9EE7DA00C0279F /* Medium_017_Letter_Combinations_Of_A_Phone_Number.swift in Sources */,
				33A055BB1F7B321C00BAFE1B /* Easy_083_Remove_Duplicates_From_Sorted_List.swift in Sources */,
				331571CE1F8CE9E100AD6533 /* Medium_002_Add_Two_Numbers.swift in Sources */,
				33548C8B1F9ECC6300C0279F /* Medium_011_Container_With_Most_Water.swift in Sources */,
				331571D21F8DBE4800AD6533 /* Medium_005_Longest_Palindromic_Substring.swift in Sources */,
				33E3742E1F7131B3003FC96A /* Easy_036_Valid_Sudoku.swift in Sources */,
				3369B2E81F7611B400B0B35A /* Easy_066_Plus_One.swift in Sources */,
				332B55BD1F789C1C00EAD72B /* Easy_067_Add_Binary.swift in Sources */,
				3369B29F1F71F8F100B0B35A /* Easy_038_Count_And_Say.swift in Sources */,
				3333388E1FEEAADC0074B398 /* Medium_039_Combination_Sum.swift in Sources */,
				33548C911F9EE2E800C0279F /* Medium_016_3Sum_Closest.swift in Sources */,
				331CEAC31FD9412100BB176A /* Medium_034_Search_For_A_Range.swift in Sources */,
				33050F301FD4E68C00AEA0D0 /* Medium_031_Next_Permutation.swift in Sources */,
				33D50CAD1EB874D500AF51B4 /* main.swift in Sources */,
				33548C8F1F9EDB9200C0279F /* Medium_015_3Sum.swift in Sources */,
				33C9DC361F6B60AA005FF94D /* Easy_026_Remove_Duplicates_From_Sorted_Array.swift in Sources */,
				331571D01F8DB06700AD6533 /* Medium_003_Longest_SubString_Without_Repeating_Characters.swift in Sources */,
				33548C951F9EE98700C0279F /* Medium_018_4Sum.swift in Sources */,
				3347EC581FA6F959005457F8 /* Sorting Algorithm.swift in Sources */,
				331CEAC51FD9423200BB176A /* Medium_035_Search_Insert_Position.swift in Sources */,
				33E3742A1F6F62A6003FC96A /* Easy_028_Implement_Str.swift in Sources */,
				33C9DC341F6AADB7005FF94D /* Easy_021_Merge_Two_Sorted_Lists.swift in Sources */,
				3369B2A11F73490C00B0B35A /* Easy_058_Length_Of_Last_Word.swift in Sources */,
				3362D8D91FD2F10400DDB437 /* Medium_022_Generate_Parentheses.swift in Sources */,
				33C98E911F6D39EE007DAC2C /* Easy_027_Remove_Element.swift in Sources */,
				33A055BD1F7B42F100BAFE1B /* Easy_088_Merge_Sorted_Array.swift in Sources */,
				33C9DC1B1F68CC27005FF94D /* Easy_020_Valid_Parenthess.swift in Sources */,
				33050F2C1FD4DF1900AEA0D0 /* Medium_024_Swap_Nodes_In_Pairs.swift in Sources */,
				33548C8D1F9ED0DA00C0279F /* Medium_012_Integer_To_Roman.swift in Sources */,
				3304083C1F7E59F900BA0F2E /* Easy_100_Same_Tree.swift in Sources */,
			);
			runOnlyForDeploymentPostprocessing = 0;
		};
/* End PBXSourcesBuildPhase section */

/* Begin XCBuildConfiguration section */
		33D50CAE1EB874D500AF51B4 /* Debug */ = {
			isa = XCBuildConfiguration;
			buildSettings = {
				ALWAYS_SEARCH_USER_PATHS = NO;
				CLANG_ANALYZER_NONNULL = YES;
				CLANG_ANALYZER_NUMBER_OBJECT_CONVERSION = YES_AGGRESSIVE;
				CLANG_CXX_LANGUAGE_STANDARD = "gnu++0x";
				CLANG_CXX_LIBRARY = "libc++";
				CLANG_ENABLE_MODULES = YES;
				CLANG_ENABLE_OBJC_ARC = YES;
				CLANG_WARN_BOOL_CONVERSION = YES;
				CLANG_WARN_CONSTANT_CONVERSION = YES;
				CLANG_WARN_DIRECT_OBJC_ISA_USAGE = YES_ERROR;
				CLANG_WARN_DOCUMENTATION_COMMENTS = YES;
				CLANG_WARN_EMPTY_BODY = YES;
				CLANG_WARN_ENUM_CONVERSION = YES;
				CLANG_WARN_INFINITE_RECURSION = YES;
				CLANG_WARN_INT_CONVERSION = YES;
				CLANG_WARN_OBJC_ROOT_CLASS = YES_ERROR;
				CLANG_WARN_SUSPICIOUS_MOVE = YES;
				CLANG_WARN_UNREACHABLE_CODE = YES;
				CLANG_WARN__DUPLICATE_METHOD_MATCH = YES;
				CODE_SIGN_IDENTITY = "-";
				COPY_PHASE_STRIP = NO;
				DEBUG_INFORMATION_FORMAT = dwarf;
				ENABLE_STRICT_OBJC_MSGSEND = YES;
				ENABLE_TESTABILITY = YES;
				GCC_C_LANGUAGE_STANDARD = gnu99;
				GCC_DYNAMIC_NO_PIC = NO;
				GCC_NO_COMMON_BLOCKS = YES;
				GCC_OPTIMIZATION_LEVEL = 0;
				GCC_PREPROCESSOR_DEFINITIONS = (
					"DEBUG=1",
					"$(inherited)",
				);
				GCC_WARN_64_TO_32_BIT_CONVERSION = YES;
				GCC_WARN_ABOUT_RETURN_TYPE = YES_ERROR;
				GCC_WARN_UNDECLARED_SELECTOR = YES;
				GCC_WARN_UNINITIALIZED_AUTOS = YES_AGGRESSIVE;
				GCC_WARN_UNUSED_FUNCTION = YES;
				GCC_WARN_UNUSED_VARIABLE = YES;
				MACOSX_DEPLOYMENT_TARGET = 10.12;
				MTL_ENABLE_DEBUG_INFO = YES;
				ONLY_ACTIVE_ARCH = YES;
				SDKROOT = macosx;
				SWIFT_OPTIMIZATION_LEVEL = "-Onone";
			};
			name = Debug;
		};
		33D50CAF1EB874D500AF51B4 /* Release */ = {
			isa = XCBuildConfiguration;
			buildSettings = {
				ALWAYS_SEARCH_USER_PATHS = NO;
				CLANG_ANALYZER_NONNULL = YES;
				CLANG_ANALYZER_NUMBER_OBJECT_CONVERSION = YES_AGGRESSIVE;
				CLANG_CXX_LANGUAGE_STANDARD = "gnu++0x";
				CLANG_CXX_LIBRARY = "libc++";
				CLANG_ENABLE_MODULES = YES;
				CLANG_ENABLE_OBJC_ARC = YES;
				CLANG_WARN_BOOL_CONVERSION = YES;
				CLANG_WARN_CONSTANT_CONVERSION = YES;
				CLANG_WARN_DIRECT_OBJC_ISA_USAGE = YES_ERROR;
				CLANG_WARN_DOCUMENTATION_COMMENTS = YES;
				CLANG_WARN_EMPTY_BODY = YES;
				CLANG_WARN_ENUM_CONVERSION = YES;
				CLANG_WARN_INFINITE_RECURSION = YES;
				CLANG_WARN_INT_CONVERSION = YES;
				CLANG_WARN_OBJC_ROOT_CLASS = YES_ERROR;
				CLANG_WARN_SUSPICIOUS_MOVE = YES;
				CLANG_WARN_UNREACHABLE_CODE = YES;
				CLANG_WARN__DUPLICATE_METHOD_MATCH = YES;
				CODE_SIGN_IDENTITY = "-";
				COPY_PHASE_STRIP = NO;
				DEBUG_INFORMATION_FORMAT = "dwarf-with-dsym";
				ENABLE_NS_ASSERTIONS = NO;
				ENABLE_STRICT_OBJC_MSGSEND = YES;
				GCC_C_LANGUAGE_STANDARD = gnu99;
				GCC_NO_COMMON_BLOCKS = YES;
				GCC_WARN_64_TO_32_BIT_CONVERSION = YES;
				GCC_WARN_ABOUT_RETURN_TYPE = YES_ERROR;
				GCC_WARN_UNDECLARED_SELECTOR = YES;
				GCC_WARN_UNINITIALIZED_AUTOS = YES_AGGRESSIVE;
				GCC_WARN_UNUSED_FUNCTION = YES;
				GCC_WARN_UNUSED_VARIABLE = YES;
				MACOSX_DEPLOYMENT_TARGET = 10.12;
				MTL_ENABLE_DEBUG_INFO = NO;
				SDKROOT = macosx;
			};
			name = Release;
		};
		33D50CB11EB874D500AF51B4 /* Debug */ = {
			isa = XCBuildConfiguration;
			buildSettings = {
				PRODUCT_NAME = "$(TARGET_NAME)";
				SWIFT_VERSION = 3.0;
			};
			name = Debug;
		};
		33D50CB21EB874D500AF51B4 /* Release */ = {
			isa = XCBuildConfiguration;
			buildSettings = {
				PRODUCT_NAME = "$(TARGET_NAME)";
				SWIFT_VERSION = 3.0;
			};
			name = Release;
		};
/* End XCBuildConfiguration section */

/* Begin XCConfigurationList section */
		33D50CA41EB874D500AF51B4 /* Build configuration list for PBXProject "algorithms" */ = {
			isa = XCConfigurationList;
			buildConfigurations = (
				33D50CAE1EB874D500AF51B4 /* Debug */,
				33D50CAF1EB874D500AF51B4 /* Release */,
			);
			defaultConfigurationIsVisible = 0;
			defaultConfigurationName = Release;
		};
		33D50CB01EB874D500AF51B4 /* Build configuration list for PBXNativeTarget "algorithms" */ = {
			isa = XCConfigurationList;
			buildConfigurations = (
				33D50CB11EB874D500AF51B4 /* Debug */,
				33D50CB21EB874D500AF51B4 /* Release */,
			);
			defaultConfigurationIsVisible = 0;
			defaultConfigurationName = Release;
		};
/* End XCConfigurationList section */
	};
	rootObject = 33D50CA11EB874D500AF51B4 /* Project object */;
}
